
Microsoft Visual Studio Solution File, Format Version 12.00
# Visual Studio Version 17
VisualStudioVersion = 17.7.34031.279
MinimumVisualStudioVersion = 10.0.40219.1
Project("{FAE04EC0-301F-11D3-BF4B-00C04F79EFBC}") = "EzcaneBilgiSistemi", "EzcaneBilgiSistemi\EzcaneBilgiSistemi.csproj", "{E85F1E24-88E4-4B58-B7E7-7961BBE718E2}"
EndProject
Project("{9A19103F-16F7-4668-BE54-9A1E7A4F7556}") = "Entities", "Entities\Entities.csproj", "{6F1B3143-48F3-4C76-8D27-102EF2F6FFB6}"
EndProject
Project("{9A19103F-16F7-4668-BE54-9A1E7A4F7556}") = "Repositories", "Repositories\Repositories.csproj", "{9A9141A7-0966-4B0A-A258-DC9103C56854}"
EndProject
Global
	GlobalSection(SolutionConfigurationPlatforms) = preSolution
		Debug|Any CPU = Debug|Any CPU
		Release|Any CPU = Release|Any CPU
	EndGlobalSection
	GlobalSection(ProjectConfigurationPlatforms) = postSolution
		{E85F1E24-88E4-4B58-B7E7-7961BBE718E2}.Debug|Any CPU.ActiveCfg = Debug|Any CPU
		{E85F1E24-88E4-4B58-B7E7-7961BBE718E2}.Debug|Any CPU.Build.0 = Debug|Any CPU
		{E85F1E24-88E4-4B58-B7E7-7961BBE718E2}.Release|Any CPU.ActiveCfg = Release|Any CPU
		{E85F1E24-88E4-4B58-B7E7-7961BBE718E2}.Release|Any CPU.Build.0 = Release|Any CPU
		{6F1B3143-48F3-4C76-8D27-102EF2F6FFB6}.Debug|Any CPU.ActiveCfg = Debug|Any CPU
		{6F1B3143-48F3-4C76-8D27-102EF2F6FFB6}.Debug|Any CPU.Build.0 = Debug|Any CPU
		{6F1B3143-48F3-4C76-8D27-102EF2F6FFB6}.Release|Any CPU.ActiveCfg = Release|Any CPU
		{6F1B3143-48F3-4C76-8D27-102EF2F6FFB6}.Release|Any CPU.Build.0 = Release|Any CPU
		{9A9141A7-0966-4B0A-A258-DC9103C56854}.Debug|Any CPU.ActiveCfg = Debug|Any CPU
		{9A9141A7-0966-4B0A-A258-DC9103C56854}.Debug|Any CPU.Build.0 = Debug|Any CPU
		{9A9141A7-0966-4B0A-A258-DC9103C56854}.Release|Any CPU.ActiveCfg = Release|Any CPU
		{9A9141A7-0966-4B0A-A258-DC9103C56854}.Release|Any CPU.Build.0 = Release|Any CPU
	EndGlobalSection
	GlobalSection(SolutionProperties) = preSolution
		HideSolutionNode = FALSE
	EndGlobalSection
	GlobalSection(ExtensibilityGlobals) = postSolution
		SolutionGuid = {79DD3C73-2A8C-4ABF-B65F-58CDCDE0964D}
	EndGlobalSection
EndGlobal
